{
  "name": "portfoliosharp-projects",
  "lockfileVersion": 3,
  "requires": true,
  "packages": {
    "": {
      "name": "portfoliosharp-projects",
      "workspaces": [
        "packages/portfoliosharp",
        "packages/rovercoder"
      ]
    },
    "node_modules/portfoliosharp": {
      "resolved": "packages/portfoliosharp",
      "link": true
    },
    "node_modules/rovercoder": {
      "resolved": "packages/rovercoder",
      "link": true
    },
    "packages/portfoliosharp": {
      "version": "1.0.0",
      "workspaces": [
        "packages/shared"
      ]
    },
    "packages/rovercoder": {
      "version": "1.0.0",
      "workspaces": [
        "packages/data",
        "packages/site"
      ]
    }
  }
}
